lockfileVersion: '9.0'

settings:
  autoInstallPeers: true
  excludeLinksFromLockfile: false

importers:

  .:
    dependencies:
      pnpm:
        specifier: ^10.11.0
        version: 10.11.0
      react-icons:
        specifier: ^5.5.0
        version: 5.5.0(react@19.1.0)

packages:

  pnpm@10.11.0:
    resolution: {integrity: sha512-ZUBYP0HMX2KOs9l3Ps7oAvT575kjzEW2mJD7R5kdSwkpZGlOw6T3OKQgyRijMwYsi5JdMS9C5PDCY+tgNVH5dw==}
    engines: {node: '>=18.12'}
    hasBin: true

  react-icons@5.5.0:
    resolution: {integrity: sha512-MEFcXdkP3dLo8uumGI5xN3lDFNsRtrjbOEKDLD7yv76v4wpnEq2Lt2qeHaQOr34I/wPN3s3+N08WkQ+CW37Xiw==}
    peerDependencies:
      react: '*'

  react@19.1.0:
    resolution: {integrity: sha512-FS+XFBNvn3GTAWq26joslQgWNoFu08F4kl0J4CgdNKADkdSGXQyTCnKteIAJy96Br6YbpEU1LSzV5dYtjMkMDg==}
    engines: {node: '>=0.10.0'}

snapshots:

  pnpm@10.11.0: {}

  react-icons@5.5.0(react@19.1.0):
    dependencies:
      react: 19.1.0

  react@19.1.0: {}
